
Microsoft Visual Studio Solution File, Format Version 12.00
# Visual Studio Version 17
VisualStudioVersion = 17.0.31903.59
MinimumVisualStudioVersion = 10.0.40219.1
Project("{FAE04EC0-301F-11D3-BF4B-00C04F79EFBC}") = "XdtDeviceBridge.App", "XdtDeviceBridge.App/XdtDeviceBridge.App.csproj", "{5B09A991-D3D5-4D66-9E2E-CCAAE7E484E7}"
EndProject
Project("{FAE04EC0-301F-11D3-BF4B-00C04F79EFBC}") = "XdtDeviceBridge.Core", "XdtDeviceBridge.Core/XdtDeviceBridge.Core.csproj", "{4A966E5A-C7A9-4F6E-8A02-C3C050D35F4A}"
EndProject
Project("{FAE04EC0-301F-11D3-BF4B-00C04F79EFBC}") = "XdtDeviceBridge.Infrastructure", "XdtDeviceBridge.Infrastructure/XdtDeviceBridge.Infrastructure.csproj", "{F23ECA88-C3F8-4C3F-867D-A638CB355EA0}"
EndProject
Project("{FAE04EC0-301F-11D3-BF4B-00C04F79EFBC}") = "XdtDeviceBridge.Tests", "XdtDeviceBridge.Tests/XdtDeviceBridge.Tests.csproj", "{DFA7D7DC-2573-43D2-885A-AEF2A4A84D83}"
EndProject
Project("{FAE04EC0-301F-11D3-BF4B-00C04F79EFBC}") = "XdtBox.LicenseIssuer", "XdtBox.LicenseIssuer\XdtBox.LicenseIssuer.csproj", "{703F8FB8-2D5E-47AD-BF44-7B6304DA2095}"
EndProject
Project("{FAE04EC0-301F-11D3-BF4B-00C04F79EFBC}") = "XdtBox.LicenseManager", "XdtBox.LicenseManager\XdtBox.LicenseManager.csproj", "{8A30E4F9-8CCF-43A4-A7F5-7DAE3D01846D}"
EndProject
Global
	GlobalSection(SolutionConfigurationPlatforms) = preSolution
		Debug|Any CPU = Debug|Any CPU
		Debug|x64 = Debug|x64
		Debug|x86 = Debug|x86
		Release|Any CPU = Release|Any CPU
		Release|x64 = Release|x64
		Release|x86 = Release|x86
	EndGlobalSection
	GlobalSection(ProjectConfigurationPlatforms) = postSolution
		{5B09A991-D3D5-4D66-9E2E-CCAAE7E484E7}.Debug|Any CPU.ActiveCfg = Debug|Any CPU
		{5B09A991-D3D5-4D66-9E2E-CCAAE7E484E7}.Debug|Any CPU.Build.0 = Debug|Any CPU
		{5B09A991-D3D5-4D66-9E2E-CCAAE7E484E7}.Debug|x64.ActiveCfg = Debug|Any CPU
		{5B09A991-D3D5-4D66-9E2E-CCAAE7E484E7}.Debug|x64.Build.0 = Debug|Any CPU
		{5B09A991-D3D5-4D66-9E2E-CCAAE7E484E7}.Debug|x86.ActiveCfg = Debug|Any CPU
		{5B09A991-D3D5-4D66-9E2E-CCAAE7E484E7}.Debug|x86.Build.0 = Debug|Any CPU
		{5B09A991-D3D5-4D66-9E2E-CCAAE7E484E7}.Release|Any CPU.ActiveCfg = Release|Any CPU
		{5B09A991-D3D5-4D66-9E2E-CCAAE7E484E7}.Release|Any CPU.Build.0 = Release|Any CPU
		{5B09A991-D3D5-4D66-9E2E-CCAAE7E484E7}.Release|x64.ActiveCfg = Release|Any CPU
		{5B09A991-D3D5-4D66-9E2E-CCAAE7E484E7}.Release|x64.Build.0 = Release|Any CPU
		{5B09A991-D3D5-4D66-9E2E-CCAAE7E484E7}.Release|x86.ActiveCfg = Release|Any CPU
		{5B09A991-D3D5-4D66-9E2E-CCAAE7E484E7}.Release|x86.Build.0 = Release|Any CPU
		{4A966E5A-C7A9-4F6E-8A02-C3C050D35F4A}.Debug|Any CPU.ActiveCfg = Debug|Any CPU
		{4A966E5A-C7A9-4F6E-8A02-C3C050D35F4A}.Debug|Any CPU.Build.0 = Debug|Any CPU
		{4A966E5A-C7A9-4F6E-8A02-C3C050D35F4A}.Debug|x64.ActiveCfg = Debug|Any CPU
		{4A966E5A-C7A9-4F6E-8A02-C3C050D35F4A}.Debug|x64.Build.0 = Debug|Any CPU
		{4A966E5A-C7A9-4F6E-8A02-C3C050D35F4A}.Debug|x86.ActiveCfg = Debug|Any CPU
		{4A966E5A-C7A9-4F6E-8A02-C3C050D35F4A}.Debug|x86.Build.0 = Debug|Any CPU
		{4A966E5A-C7A9-4F6E-8A02-C3C050D35F4A}.Release|Any CPU.ActiveCfg = Release|Any CPU
		{4A966E5A-C7A9-4F6E-8A02-C3C050D35F4A}.Release|Any CPU.Build.0 = Release|Any CPU
		{4A966E5A-C7A9-4F6E-8A02-C3C050D35F4A}.Release|x64.ActiveCfg = Release|Any CPU
		{4A966E5A-C7A9-4F6E-8A02-C3C050D35F4A}.Release|x64.Build.0 = Release|Any CPU
		{4A966E5A-C7A9-4F6E-8A02-C3C050D35F4A}.Release|x86.ActiveCfg = Release|Any CPU
		{4A966E5A-C7A9-4F6E-8A02-C3C050D35F4A}.Release|x86.Build.0 = Release|Any CPU
		{F23ECA88-C3F8-4C3F-867D-A638CB355EA0}.Debug|Any CPU.ActiveCfg = Debug|Any CPU
		{F23ECA88-C3F8-4C3F-867D-A638CB355EA0}.Debug|Any CPU.Build.0 = Debug|Any CPU
		{F23ECA88-C3F8-4C3F-867D-A638CB355EA0}.Debug|x64.ActiveCfg = Debug|Any CPU
		{F23ECA88-C3F8-4C3F-867D-A638CB355EA0}.Debug|x64.Build.0 = Debug|Any CPU
		{F23ECA88-C3F8-4C3F-867D-A638CB355EA0}.Debug|x86.ActiveCfg = Debug|Any CPU
		{F23ECA88-C3F8-4C3F-867D-A638CB355EA0}.Debug|x86.Build.0 = Debug|Any CPU
		{F23ECA88-C3F8-4C3F-867D-A638CB355EA0}.Release|Any CPU.ActiveCfg = Release|Any CPU
		{F23ECA88-C3F8-4C3F-867D-A638CB355EA0}.Release|Any CPU.Build.0 = Release|Any CPU
		{F23ECA88-C3F8-4C3F-867D-A638CB355EA0}.Release|x64.ActiveCfg = Release|Any CPU
		{F23ECA88-C3F8-4C3F-867D-A638CB355EA0}.Release|x64.Build.0 = Release|Any CPU
		{F23ECA88-C3F8-4C3F-867D-A638CB355EA0}.Release|x86.ActiveCfg = Release|Any CPU
		{F23ECA88-C3F8-4C3F-867D-A638CB355EA0}.Release|x86.Build.0 = Release|Any CPU
		{DFA7D7DC-2573-43D2-885A-AEF2A4A84D83}.Debug|Any CPU.ActiveCfg = Debug|Any CPU
		{DFA7D7DC-2573-43D2-885A-AEF2A4A84D83}.Debug|Any CPU.Build.0 = Debug|Any CPU
		{DFA7D7DC-2573-43D2-885A-AEF2A4A84D83}.Debug|x64.ActiveCfg = Debug|Any CPU
		{DFA7D7DC-2573-43D2-885A-AEF2A4A84D83}.Debug|x64.Build.0 = Debug|Any CPU
		{DFA7D7DC-2573-43D2-885A-AEF2A4A84D83}.Debug|x86.ActiveCfg = Debug|Any CPU
		{DFA7D7DC-2573-43D2-885A-AEF2A4A84D83}.Debug|x86.Build.0 = Debug|Any CPU
		{DFA7D7DC-2573-43D2-885A-AEF2A4A84D83}.Release|Any CPU.ActiveCfg = Release|Any CPU
		{DFA7D7DC-2573-43D2-885A-AEF2A4A84D83}.Release|Any CPU.Build.0 = Release|Any CPU
		{DFA7D7DC-2573-43D2-885A-AEF2A4A84D83}.Release|x64.ActiveCfg = Release|Any CPU
		{DFA7D7DC-2573-43D2-885A-AEF2A4A84D83}.Release|x64.Build.0 = Release|Any CPU
		{DFA7D7DC-2573-43D2-885A-AEF2A4A84D83}.Release|x86.ActiveCfg = Release|Any CPU
		{DFA7D7DC-2573-43D2-885A-AEF2A4A84D83}.Release|x86.Build.0 = Release|Any CPU
		{703F8FB8-2D5E-47AD-BF44-7B6304DA2095}.Debug|Any CPU.ActiveCfg = Debug|Any CPU
		{703F8FB8-2D5E-47AD-BF44-7B6304DA2095}.Debug|Any CPU.Build.0 = Debug|Any CPU
		{703F8FB8-2D5E-47AD-BF44-7B6304DA2095}.Debug|x64.ActiveCfg = Debug|Any CPU
		{703F8FB8-2D5E-47AD-BF44-7B6304DA2095}.Debug|x64.Build.0 = Debug|Any CPU
		{703F8FB8-2D5E-47AD-BF44-7B6304DA2095}.Debug|x86.ActiveCfg = Debug|Any CPU
		{703F8FB8-2D5E-47AD-BF44-7B6304DA2095}.Debug|x86.Build.0 = Debug|Any CPU
		{703F8FB8-2D5E-47AD-BF44-7B6304DA2095}.Release|Any CPU.ActiveCfg = Release|Any CPU
		{703F8FB8-2D5E-47AD-BF44-7B6304DA2095}.Release|Any CPU.Build.0 = Release|Any CPU
		{703F8FB8-2D5E-47AD-BF44-7B6304DA2095}.Release|x64.ActiveCfg = Release|Any CPU
		{703F8FB8-2D5E-47AD-BF44-7B6304DA2095}.Release|x64.Build.0 = Release|Any CPU
		{703F8FB8-2D5E-47AD-BF44-7B6304DA2095}.Release|x86.ActiveCfg = Release|Any CPU
		{703F8FB8-2D5E-47AD-BF44-7B6304DA2095}.Release|x86.Build.0 = Release|Any CPU
		{8A30E4F9-8CCF-43A4-A7F5-7DAE3D01846D}.Debug|Any CPU.ActiveCfg = Debug|Any CPU
		{8A30E4F9-8CCF-43A4-A7F5-7DAE3D01846D}.Debug|Any CPU.Build.0 = Debug|Any CPU
		{8A30E4F9-8CCF-43A4-A7F5-7DAE3D01846D}.Debug|x64.ActiveCfg = Debug|Any CPU
		{8A30E4F9-8CCF-43A4-A7F5-7DAE3D01846D}.Debug|x64.Build.0 = Debug|Any CPU
		{8A30E4F9-8CCF-43A4-A7F5-7DAE3D01846D}.Debug|x86.ActiveCfg = Debug|Any CPU
		{8A30E4F9-8CCF-43A4-A7F5-7DAE3D01846D}.Debug|x86.Build.0 = Debug|Any CPU
		{8A30E4F9-8CCF-43A4-A7F5-7DAE3D01846D}.Release|Any CPU.ActiveCfg = Release|Any CPU
		{8A30E4F9-8CCF-43A4-A7F5-7DAE3D01846D}.Release|Any CPU.Build.0 = Release|Any CPU
		{8A30E4F9-8CCF-43A4-A7F5-7DAE3D01846D}.Release|x64.ActiveCfg = Release|Any CPU
		{8A30E4F9-8CCF-43A4-A7F5-7DAE3D01846D}.Release|x64.Build.0 = Release|Any CPU
		{8A30E4F9-8CCF-43A4-A7F5-7DAE3D01846D}.Release|x86.ActiveCfg = Release|Any CPU
		{8A30E4F9-8CCF-43A4-A7F5-7DAE3D01846D}.Release|x86.Build.0 = Release|Any CPU
	EndGlobalSection
	GlobalSection(SolutionProperties) = preSolution
		HideSolutionNode = FALSE
	EndGlobalSection
EndGlobal
